// !$*UTF8*$!
{
	archiveVersion = 1;
	classes = {
	};
	objectVersion = 50;
	objects = {

/* Begin PBXBuildFile section */
		DE9D96E925FE86760015D4DF /* AppDelegate.swift in Sources */ = {isa = PBXBuildFile; fileRef = DE9D96E825FE86760015D4DF /* AppDelegate.swift */; };
		DE9D96EB25FE86760015D4DF /* SceneDelegate.swift in Sources */ = {isa = PBXBuildFile; fileRef = DE9D96EA25FE86760015D4DF /* SceneDelegate.swift */; };
		DE9D96F225FE86770015D4DF /* Assets.xcassets in Resources */ = {isa = PBXBuildFile; fileRef = DE9D96F125FE86770015D4DF /* Assets.xcassets */; };
		DE9D96F525FE86770015D4DF /* LaunchScreen.storyboard in Resources */ = {isa = PBXBuildFile; fileRef = DE9D96F325FE86770015D4DF /* LaunchScreen.storyboard */; };
		DE9D973D25FE88DF0015D4DF /* EMLEngine.framework in Frameworks */ = {isa = PBXBuildFile; fileRef = DE9D973C25FE88DF0015D4DF /* EMLEngine.framework */; };
		DE9D973E25FE88DF0015D4DF /* EMLEngine.framework in Embed Frameworks */ = {isa = PBXBuildFile; fileRef = DE9D973C25FE88DF0015D4DF /* EMLEngine.framework */; settings = {ATTRIBUTES = (CodeSignOnCopy, RemoveHeadersOnCopy, ); }; };
		DE9D974725FED8940015D4DF /* EMLAppTests.swift in Sources */ = {isa = PBXBuildFile; fileRef = DE9D974625FED8940015D4DF /* EMLAppTests.swift */; };
		DE9D975425FEDA220015D4DF /* MainViewController.swift in Sources */ = {isa = PBXBuildFile; fileRef = DE9D975325FEDA220015D4DF /* MainViewController.swift */; };
		DE9D976025FF113E0015D4DF /* UITableView+EXT.swift in Sources */ = {isa = PBXBuildFile; fileRef = DE9D975F25FF113E0015D4DF /* UITableView+EXT.swift */; };
		DE9D976325FF116F0015D4DF /* UITableViewCell+EXT.swift in Sources */ = {isa = PBXBuildFile; fileRef = DE9D976225FF116F0015D4DF /* UITableViewCell+EXT.swift */; };
		DE9D976625FF17D30015D4DF /* MenuTests.swift in Sources */ = {isa = PBXBuildFile; fileRef = DE9D976525FF17D30015D4DF /* MenuTests.swift */; };
/* End PBXBuildFile section */

/* Begin PBXContainerItemProxy section */
		DE9D974925FED8940015D4DF /* PBXContainerItemProxy */ = {
			isa = PBXContainerItemProxy;
			containerPortal = DE9D96DD25FE86760015D4DF /* Project object */;
			proxyType = 1;
			remoteGlobalIDString = DE9D96E425FE86760015D4DF;
			remoteInfo = EMLApp;
		};
/* End PBXContainerItemProxy section */

/* Begin PBXCopyFilesBuildPhase section */
		DE9D973F25FE88DF0015D4DF /* Embed Frameworks */ = {
			isa = PBXCopyFilesBuildPhase;
			buildActionMask = 2147483647;
			dstPath = "";
			dstSubfolderSpec = 10;
			files = (
				DE9D973E25FE88DF0015D4DF /* EMLEngine.framework in Embed Frameworks */,
			);
			name = "Embed Frameworks";
			runOnlyForDeploymentPostprocessing = 0;
		};
/* End PBXCopyFilesBuildPhase section */

/* Begin PBXFileReference section */
		DE9D96E525FE86760015D4DF /* EMLApp.app */ = {isa = PBXFileReference; explicitFileType = wrapper.application; includeInIndex = 0; path = EMLApp.app; sourceTree = BUILT_PRODUCTS_DIR; };
		DE9D96E825FE86760015D4DF /* AppDelegate.swift */ = {isa = PBXFileReference; lastKnownFileType = sourcecode.swift; path = AppDelegate.swift; sourceTree = "<group>"; };
		DE9D96EA25FE86760015D4DF /* SceneDelegate.swift */ = {isa = PBXFileReference; lastKnownFileType = sourcecode.swift; path = SceneDelegate.swift; sourceTree = "<group>"; };
		DE9D96F125FE86770015D4DF /* Assets.xcassets */ = {isa = PBXFileReference; lastKnownFileType = folder.assetcatalog; path = Assets.xcassets; sourceTree = "<group>"; };
		DE9D96F425FE86770015D4DF /* Base */ = {isa = PBXFileReference; lastKnownFileType = file.storyboard; name = Base; path = Base.lproj/LaunchScreen.storyboard; sourceTree = "<group>"; };
		DE9D96F625FE86770015D4DF /* Info.plist */ = {isa = PBXFileReference; lastKnownFileType = text.plist.xml; path = Info.plist; sourceTree = "<group>"; };
		DE9D973C25FE88DF0015D4DF /* EMLEngine.framework */ = {isa = PBXFileReference; explicitFileType = wrapper.framework; path = EMLEngine.framework; sourceTree = BUILT_PRODUCTS_DIR; };
		DE9D974425FED8940015D4DF /* EMLAppTests.xctest */ = {isa = PBXFileReference; explicitFileType = wrapper.cfbundle; includeInIndex = 0; path = EMLAppTests.xctest; sourceTree = BUILT_PRODUCTS_DIR; };
		DE9D974625FED8940015D4DF /* EMLAppTests.swift */ = {isa = PBXFileReference; lastKnownFileType = sourcecode.swift; path = EMLAppTests.swift; sourceTree = "<group>"; };
		DE9D974825FED8940015D4DF /* Info.plist */ = {isa = PBXFileReference; lastKnownFileType = text.plist.xml; path = Info.plist; sourceTree = "<group>"; };
		DE9D975325FEDA220015D4DF /* MainViewController.swift */ = {isa = PBXFileReference; lastKnownFileType = sourcecode.swift; path = MainViewController.swift; sourceTree = "<group>"; };
		DE9D975F25FF113E0015D4DF /* UITableView+EXT.swift */ = {isa = PBXFileReference; lastKnownFileType = sourcecode.swift; path = "UITableView+EXT.swift"; sourceTree = "<group>"; };
		DE9D976225FF116F0015D4DF /* UITableViewCell+EXT.swift */ = {isa = PBXFileReference; lastKnownFileType = sourcecode.swift; path = "UITableViewCell+EXT.swift"; sourceTree = "<group>"; };
		DE9D976525FF17D30015D4DF /* MenuTests.swift */ = {isa = PBXFileReference; lastKnownFileType = sourcecode.swift; path = MenuTests.swift; sourceTree = "<group>"; };
/* End PBXFileReference section */

/* Begin PBXFrameworksBuildPhase section */
		DE9D96E225FE86760015D4DF /* Frameworks */ = {
			isa = PBXFrameworksBuildPhase;
			buildActionMask = 2147483647;
			files = (
				DE9D973D25FE88DF0015D4DF /* EMLEngine.framework in Frameworks */,
			);
			runOnlyForDeploymentPostprocessing = 0;
		};
		DE9D974125FED8940015D4DF /* Frameworks */ = {
			isa = PBXFrameworksBuildPhase;
			buildActionMask = 2147483647;
			files = (
			);
			runOnlyForDeploymentPostprocessing = 0;
		};
/* End PBXFrameworksBuildPhase section */

/* Begin PBXGroup section */
		DE9D96DC25FE86760015D4DF = {
			isa = PBXGroup;
			children = (
				DE9D96E725FE86760015D4DF /* EMLApp */,
				DE9D974525FED8940015D4DF /* EMLAppTests */,
				DE9D96E625FE86760015D4DF /* Products */,
				DE9D973B25FE88DF0015D4DF /* Frameworks */,
			);
			sourceTree = "<group>";
		};
		DE9D96E625FE86760015D4DF /* Products */ = {
			isa = PBXGroup;
			children = (
				DE9D96E525FE86760015D4DF /* EMLApp.app */,
				DE9D974425FED8940015D4DF /* EMLAppTests.xctest */,
			);
			name = Products;
			sourceTree = "<group>";
		};
		DE9D96E725FE86760015D4DF /* EMLApp */ = {
			isa = PBXGroup;
			children = (
				DE9D96E825FE86760015D4DF /* AppDelegate.swift */,
				DE9D96EA25FE86760015D4DF /* SceneDelegate.swift */,
				DE9D96F125FE86770015D4DF /* Assets.xcassets */,
				DE9D96F325FE86770015D4DF /* LaunchScreen.storyboard */,
				DE9D96F625FE86770015D4DF /* Info.plist */,
				DE9D975325FEDA220015D4DF /* MainViewController.swift */,
				DE9D975F25FF113E0015D4DF /* UITableView+EXT.swift */,
				DE9D976225FF116F0015D4DF /* UITableViewCell+EXT.swift */,
			);
			path = EMLApp;
			sourceTree = "<group>";
		};
		DE9D973B25FE88DF0015D4DF /* Frameworks */ = {
			isa = PBXGroup;
			children = (
				DE9D973C25FE88DF0015D4DF /* EMLEngine.framework */,
			);
			name = Frameworks;
			sourceTree = "<group>";
		};
		DE9D974525FED8940015D4DF /* EMLAppTests */ = {
			isa = PBXGroup;
			children = (
				DE9D974625FED8940015D4DF /* EMLAppTests.swift */,
				DE9D974825FED8940015D4DF /* Info.plist */,
				DE9D976525FF17D30015D4DF /* MenuTests.swift */,
			);
			path = EMLAppTests;
			sourceTree = "<group>";
		};
/* End PBXGroup section */

/* Begin PBXNativeTarget section */
		DE9D96E425FE86760015D4DF /* EMLApp */ = {
			isa = PBXNativeTarget;
			buildConfigurationList = DE9D96F925FE86770015D4DF /* Build configuration list for PBXNativeTarget "EMLApp" */;
			buildPhases = (
				DE9D96E125FE86760015D4DF /* Sources */,
				DE9D96E225FE86760015D4DF /* Frameworks */,
				DE9D96E325FE86760015D4DF /* Resources */,
				DE9D973F25FE88DF0015D4DF /* Embed Frameworks */,
			);
			buildRules = (
			);
			dependencies = (
			);
			name = EMLApp;
			productName = EMLApp;
			productReference = DE9D96E525FE86760015D4DF /* EMLApp.app */;
			productType = "com.apple.product-type.application";
		};
		DE9D974325FED8940015D4DF /* EMLAppTests */ = {
			isa = PBXNativeTarget;
			buildConfigurationList = DE9D974D25FED8940015D4DF /* Build configuration list for PBXNativeTarget "EMLAppTests" */;
			buildPhases = (
				DE9D974025FED8940015D4DF /* Sources */,
				DE9D974125FED8940015D4DF /* Frameworks */,
				DE9D974225FED8940015D4DF /* Resources */,
			);
			buildRules = (
			);
			dependencies = (
				DE9D974A25FED8940015D4DF /* PBXTargetDependency */,
			);
			name = EMLAppTests;
			productName = EMLAppTests;
			productReference = DE9D974425FED8940015D4DF /* EMLAppTests.xctest */;
			productType = "com.apple.product-type.bundle.unit-test";
		};
/* End PBXNativeTarget section */

/* Begin PBXProject section */
		DE9D96DD25FE86760015D4DF /* Project object */ = {
			isa = PBXProject;
			attributes = {
				LastSwiftUpdateCheck = 1240;
				LastUpgradeCheck = 1240;
				TargetAttributes = {
					DE9D96E425FE86760015D4DF = {
						CreatedOnToolsVersion = 12.4;
					};
					DE9D974325FED8940015D4DF = {
						CreatedOnToolsVersion = 12.4;
						TestTargetID = DE9D96E425FE86760015D4DF;
					};
				};
			};
			buildConfigurationList = DE9D96E025FE86760015D4DF /* Build configuration list for PBXProject "EMLApp" */;
			compatibilityVersion = "Xcode 9.3";
			developmentRegion = en;
			hasScannedForEncodings = 0;
			knownRegions = (
				en,
				Base,
			);
			mainGroup = DE9D96DC25FE86760015D4DF;
			productRefGroup = DE9D96E625FE86760015D4DF /* Products */;
			projectDirPath = "";
			projectRoot = "";
			targets = (
				DE9D96E425FE86760015D4DF /* EMLApp */,
				DE9D974325FED8940015D4DF /* EMLAppTests */,
			);
		};
/* End PBXProject section */

/* Begin PBXResourcesBuildPhase section */
		DE9D96E325FE86760015D4DF /* Resources */ = {
			isa = PBXResourcesBuildPhase;
			buildActionMask = 2147483647;
			files = (
				DE9D96F525FE86770015D4DF /* LaunchScreen.storyboard in Resources */,
				DE9D96F225FE86770015D4DF /* Assets.xcassets in Resources */,
			);
			runOnlyForDeploymentPostprocessing = 0;
		};
		DE9D974225FED8940015D4DF /* Resources */ = {
			isa = PBXResourcesBuildPhase;
			buildActionMask = 2147483647;
			files = (
			);
			runOnlyForDeploymentPostprocessing = 0;
		};
/* End PBXResourcesBuildPhase section */

/* Begin PBXSourcesBuildPhase section */
		DE9D96E125FE86760015D4DF /* Sources */ = {
			isa = PBXSourcesBuildPhase;
			buildActionMask = 2147483647;
			files = (
				DE9D975425FEDA220015D4DF /* MainViewController.swift in Sources */,
				DE9D976325FF116F0015D4DF /* UITableViewCell+EXT.swift in Sources */,
				DE9D976025FF113E0015D4DF /* UITableView+EXT.swift in Sources */,
				DE9D96E925FE86760015D4DF /* AppDelegate.swift in Sources */,
				DE9D96EB25FE86760015D4DF /* SceneDelegate.swift in Sources */,
			);
			runOnlyForDeploymentPostprocessing = 0;
		};
		DE9D974025FED8940015D4DF /* Sources */ = {
			isa = PBXSourcesBuildPhase;
			buildActionMask = 2147483647;
			files = (
				DE9D976625FF17D30015D4DF /* MenuTests.swift in Sources */,
				DE9D974725FED8940015D4DF /* EMLAppTests.swift in Sources */,
			);
			runOnlyForDeploymentPostprocessing = 0;
		};
/* End PBXSourcesBuildPhase section */

/* Begin PBXTargetDependency section */
		DE9D974A25FED8940015D4DF /* PBXTargetDependency */ = {
			isa = PBXTargetDependency;
			target = DE9D96E425FE86760015D4DF /* EMLApp */;
			targetProxy = DE9D974925FED8940015D4DF /* PBXContainerItemProxy */;
		};
/* End PBXTargetDependency section */

/* Begin PBXVariantGroup section */
		DE9D96F325FE86770015D4DF /* LaunchScreen.storyboard */ = {
			isa = PBXVariantGroup;
			children = (
				DE9D96F425FE86770015D4DF /* Base */,
			);
			name = LaunchScreen.storyboard;
			sourceTree = "<group>";
		};
/* End PBXVariantGroup section */

/* Begin XCBuildConfiguration section */
		DE9D96F725FE86770015D4DF /* Debug */ = {
			isa = XCBuildConfiguration;
			buildSettings = {
				ALWAYS_SEARCH_USER_PATHS = NO;
				CLANG_ANALYZER_NONNULL = YES;
				CLANG_ANALYZER_NUMBER_OBJECT_CONVERSION = YES_AGGRESSIVE;
				CLANG_CXX_LANGUAGE_STANDARD = "gnu++14";
				CLANG_CXX_LIBRARY = "libc++";
				CLANG_ENABLE_MODULES = YES;
				CLANG_ENABLE_OBJC_ARC = YES;
				CLANG_ENABLE_OBJC_WEAK = YES;
				CLANG_WARN_BLOCK_CAPTURE_AUTORELEASING = YES;
				CLANG_WARN_BOOL_CONVERSION = YES;
				CLANG_WARN_COMMA = YES;
				CLANG_WARN_CONSTANT_CONVERSION = YES;
				CLANG_WARN_DEPRECATED_OBJC_IMPLEMENTATIONS = YES;
				CLANG_WARN_DIRECT_OBJC_ISA_USAGE = YES_ERROR;
				CLANG_WARN_DOCUMENTATION_COMMENTS = YES;
				CLANG_WARN_EMPTY_BODY = YES;
				CLANG_WARN_ENUM_CONVERSION = YES;
				CLANG_WARN_INFINITE_RECURSION = YES;
				CLANG_WARN_INT_CONVERSION = YES;
				CLANG_WARN_NON_LITERAL_NULL_CONVERSION = YES;
				CLANG_WARN_OBJC_IMPLICIT_RETAIN_SELF = YES;
				CLANG_WARN_OBJC_LITERAL_CONVERSION = YES;
				CLANG_WARN_OBJC_ROOT_CLASS = YES_ERROR;
				CLANG_WARN_QUOTED_INCLUDE_IN_FRAMEWORK_HEADER = YES;
				CLANG_WARN_RANGE_LOOP_ANALYSIS = YES;
				CLANG_WARN_STRICT_PROTOTYPES = YES;
				CLANG_WARN_SUSPICIOUS_MOVE = YES;
				CLANG_WARN_UNGUARDED_AVAILABILITY = YES_AGGRESSIVE;
				CLANG_WARN_UNREACHABLE_CODE = YES;
				CLANG_WARN__DUPLICATE_METHOD_MATCH = YES;
				COPY_PHASE_STRIP = NO;
				DEBUG_INFORMATION_FORMAT = dwarf;
				ENABLE_STRICT_OBJC_MSGSEND = YES;
				ENABLE_TESTABILITY = YES;
				GCC_C_LANGUAGE_STANDARD = gnu11;
				GCC_DYNAMIC_NO_PIC = NO;
				GCC_NO_COMMON_BLOCKS = YES;
				GCC_OPTIMIZATION_LEVEL = 0;
				GCC_PREPROCESSOR_DEFINITIONS = (
					"DEBUG=1",
					"$(inherited)",
				);
				GCC_WARN_64_TO_32_BIT_CONVERSION = YES;
				GCC_WARN_ABOUT_RETURN_TYPE = YES_ERROR;
				GCC_WARN_UNDECLARED_SELECTOR = YES;
				GCC_WARN_UNINITIALIZED_AUTOS = YES_AGGRESSIVE;
				GCC_WARN_UNUSED_FUNCTION = YES;
				GCC_WARN_UNUSED_VARIABLE = YES;
				IPHONEOS_DEPLOYMENT_TARGET = 14.4;
				MTL_ENABLE_DEBUG_INFO = INCLUDE_SOURCE;
				MTL_FAST_MATH = YES;
				ONLY_ACTIVE_ARCH = YES;
				SDKROOT = iphoneos;
				SWIFT_ACTIVE_COMPILATION_CONDITIONS = DEBUG;
				SWIFT_OPTIMIZATION_LEVEL = "-Onone";
			};
			name = Debug;
		};
		DE9D96F825FE86770015D4DF /* Release */ = {
			isa = XCBuildConfiguration;
			buildSettings = {
				ALWAYS_SEARCH_USER_PATHS = NO;
				CLANG_ANALYZER_NONNULL = YES;
				CLANG_ANALYZER_NUMBER_OBJECT_CONVERSION = YES_AGGRESSIVE;
				CLANG_CXX_LANGUAGE_STANDARD = "gnu++14";
				CLANG_CXX_LIBRARY = "libc++";
				CLANG_ENABLE_MODULES = YES;
				CLANG_ENABLE_OBJC_ARC = YES;
				CLANG_ENABLE_OBJC_WEAK = YES;
				CLANG_WARN_BLOCK_CAPTURE_AUTORELEASING = YES;
				CLANG_WARN_BOOL_CONVERSION = YES;
				CLANG_WARN_COMMA = YES;
				CLANG_WARN_CONSTANT_CONVERSION = YES;
				CLANG_WARN_DEPRECATED_OBJC_IMPLEMENTATIONS = YES;
				CLANG_WARN_DIRECT_OBJC_ISA_USAGE = YES_ERROR;
				CLANG_WARN_DOCUMENTATION_COMMENTS = YES;
				CLANG_WARN_EMPTY_BODY = YES;
				CLANG_WARN_ENUM_CONVERSION = YES;
				CLANG_WARN_INFINITE_RECURSION = YES;
				CLANG_WARN_INT_CONVERSION = YES;
				CLANG_WARN_NON_LITERAL_NULL_CONVERSION = YES;
				CLANG_WARN_OBJC_IMPLICIT_RETAIN_SELF = YES;
				CLANG_WARN_OBJC_LITERAL_CONVERSION = YES;
				CLANG_WARN_OBJC_ROOT_CLASS = YES_ERROR;
				CLANG_WARN_QUOTED_INCLUDE_IN_FRAMEWORK_HEADER = YES;
				CLANG_WARN_RANGE_LOOP_ANALYSIS = YES;
				CLANG_WARN_STRICT_PROTOTYPES = YES;
				CLANG_WARN_SUSPICIOUS_MOVE = YES;
				CLANG_WARN_UNGUARDED_AVAILABILITY = YES_AGGRESSIVE;
				CLANG_WARN_UNREACHABLE_CODE = YES;
				CLANG_WARN__DUPLICATE_METHOD_MATCH = YES;
				COPY_PHASE_STRIP = NO;
				DEBUG_INFORMATION_FORMAT = "dwarf-with-dsym";
				ENABLE_NS_ASSERTIONS = NO;
				ENABLE_STRICT_OBJC_MSGSEND = YES;
				GCC_C_LANGUAGE_STANDARD = gnu11;
				GCC_NO_COMMON_BLOCKS = YES;
				GCC_WARN_64_TO_32_BIT_CONVERSION = YES;
				GCC_WARN_ABOUT_RETURN_TYPE = YES_ERROR;
				GCC_WARN_UNDECLARED_SELECTOR = YES;
				GCC_WARN_UNINITIALIZED_AUTOS = YES_AGGRESSIVE;
				GCC_WARN_UNUSED_FUNCTION = YES;
				GCC_WARN_UNUSED_VARIABLE = YES;
				IPHONEOS_DEPLOYMENT_TARGET = 14.4;
				MTL_ENABLE_DEBUG_INFO = NO;
				MTL_FAST_MATH = YES;
				SDKROOT = iphoneos;
				SWIFT_COMPILATION_MODE = wholemodule;
				SWIFT_OPTIMIZATION_LEVEL = "-O";
				VALIDATE_PRODUCT = YES;
			};
			name = Release;
		};
		DE9D96FA25FE86770015D4DF /* Debug */ = {
			isa = XCBuildConfiguration;
			buildSettings = {
				ASSETCATALOG_COMPILER_APPICON_NAME = AppIcon;
				ASSETCATALOG_COMPILER_GLOBAL_ACCENT_COLOR_NAME = AccentColor;
				CODE_SIGN_STYLE = Automatic;
				DEVELOPMENT_TEAM = 33F787YXKZ;
				INFOPLIST_FILE = EMLApp/Info.plist;
				LD_RUNPATH_SEARCH_PATHS = (
					"$(inherited)",
					"@executable_path/Frameworks",
				);
				PRODUCT_BUNDLE_IDENTIFIER = com.cuttawayproductions.EMLApp;
				PRODUCT_NAME = "$(TARGET_NAME)";
				SWIFT_VERSION = 5.0;
				TARGETED_DEVICE_FAMILY = "1,2";
			};
			name = Debug;
		};
		DE9D96FB25FE86770015D4DF /* Release */ = {
			isa = XCBuildConfiguration;
			buildSettings = {
				ASSETCATALOG_COMPILER_APPICON_NAME = AppIcon;
				ASSETCATALOG_COMPILER_GLOBAL_ACCENT_COLOR_NAME = AccentColor;
				CODE_SIGN_STYLE = Automatic;
				DEVELOPMENT_TEAM = 33F787YXKZ;
				INFOPLIST_FILE = EMLApp/Info.plist;
				LD_RUNPATH_SEARCH_PATHS = (
					"$(inherited)",
					"@executable_path/Frameworks",
				);
				PRODUCT_BUNDLE_IDENTIFIER = com.cuttawayproductions.EMLApp;
				PRODUCT_NAME = "$(TARGET_NAME)";
				SWIFT_VERSION = 5.0;
				TARGETED_DEVICE_FAMILY = "1,2";
			};
			name = Release;
		};
		DE9D974B25FED8940015D4DF /* Debug */ = {
			isa = XCBuildConfiguration;
			buildSettings = {
				BUNDLE_LOADER = "$(TEST_HOST)";
				CODE_SIGN_STYLE = Automatic;
				DEVELOPMENT_TEAM = 33F787YXKZ;
				INFOPLIST_FILE = EMLAppTests/Info.plist;
				LD_RUNPATH_SEARCH_PATHS = (
					"$(inherited)",
					"@executable_path/Frameworks",
					"@loader_path/Frameworks",
				);
				PRODUCT_BUNDLE_IDENTIFIER = com.cuttawayproductions.EMLAppTests;
				PRODUCT_NAME = "$(TARGET_NAME)";
				SWIFT_VERSION = 5.0;
				TARGETED_DEVICE_FAMILY = "1,2";
				TEST_HOST = "$(BUILT_PRODUCTS_DIR)/EMLApp.app/EMLApp";
			};
			name = Debug;
		};
		DE9D974C25FED8940015D4DF /* Release */ = {
			isa = XCBuildConfiguration;
			buildSettings = {
				BUNDLE_LOADER = "$(TEST_HOST)";
				CODE_SIGN_STYLE = Automatic;
				DEVELOPMENT_TEAM = 33F787YXKZ;
				INFOPLIST_FILE = EMLAppTests/Info.plist;
				LD_RUNPATH_SEARCH_PATHS = (
					"$(inherited)",
					"@executable_path/Frameworks",
					"@loader_path/Frameworks",
				);
				PRODUCT_BUNDLE_IDENTIFIER = com.cuttawayproductions.EMLAppTests;
				PRODUCT_NAME = "$(TARGET_NAME)";
				SWIFT_VERSION = 5.0;
				TARGETED_DEVICE_FAMILY = "1,2";
				TEST_HOST = "$(BUILT_PRODUCTS_DIR)/EMLApp.app/EMLApp";
			};
			name = Release;
		};
/* End XCBuildConfiguration section */

/* Begin XCConfigurationList section */
		DE9D96E025FE86760015D4DF /* Build configuration list for PBXProject "EMLApp" */ = {
			isa = XCConfigurationList;
			buildConfigurations = (
				DE9D96F725FE86770015D4DF /* Debug */,
				DE9D96F825FE86770015D4DF /* Release */,
			);
			defaultConfigurationIsVisible = 0;
			defaultConfigurationName = Release;
		};
		DE9D96F925FE86770015D4DF /* Build configuration list for PBXNativeTarget "EMLApp" */ = {
			isa = XCConfigurationList;
			buildConfigurations = (
				DE9D96FA25FE86770015D4DF /* Debug */,
				DE9D96FB25FE86770015D4DF /* Release */,
			);
			defaultConfigurationIsVisible = 0;
			defaultConfigurationName = Release;
		};
		DE9D974D25FED8940015D4DF /* Build configuration list for PBXNativeTarget "EMLAppTests" */ = {
			isa = XCConfigurationList;
			buildConfigurations = (
				DE9D974B25FED8940015D4DF /* Debug */,
				DE9D974C25FED8940015D4DF /* Release */,
			);
			defaultConfigurationIsVisible = 0;
			defaultConfigurationName = Release;
		};
/* End XCConfigurationList section */
	};
	rootObject = DE9D96DD25FE86760015D4DF /* Project object */;
}
